
Microsoft Visual Studio Solution File, Format Version 12.00
# Visual Studio Version 17
VisualStudioVersion = 17.10.35201.131
MinimumVisualStudioVersion = 10.0.40219.1
Project("{FAE04EC0-301F-11D3-BF4B-00C04F79EFBC}") = "NpTcpClientClassApp", "NpTcpClientClassApp\NpTcpClientClassApp.csproj", "{EC2BDC3B-EDCD-4FF9-B130-5731F59E94BB}"
EndProject
Project("{FAE04EC0-301F-11D3-BF4B-00C04F79EFBC}") = "NpTcpListenerClassApp", "NpTcpListenerClassApp\NpTcpListenerClassApp.csproj", "{FC7E02D0-5704-46DA-B7F8-C5F0483B5E4D}"
EndProject
Project("{FAE04EC0-301F-11D3-BF4B-00C04F79EFBC}") = "NpTcpClientTestApp", "NpTcpClientTestApp\NpTcpClientTestApp.csproj", "{72249C03-C19D-4EF8-9A7C-6C6081372B46}"
EndProject
Global
	GlobalSection(SolutionConfigurationPlatforms) = preSolution
		Debug|Any CPU = Debug|Any CPU
		Release|Any CPU = Release|Any CPU
	EndGlobalSection
	GlobalSection(ProjectConfigurationPlatforms) = postSolution
		{EC2BDC3B-EDCD-4FF9-B130-5731F59E94BB}.Debug|Any CPU.ActiveCfg = Debug|Any CPU
		{EC2BDC3B-EDCD-4FF9-B130-5731F59E94BB}.Debug|Any CPU.Build.0 = Debug|Any CPU
		{EC2BDC3B-EDCD-4FF9-B130-5731F59E94BB}.Release|Any CPU.ActiveCfg = Release|Any CPU
		{EC2BDC3B-EDCD-4FF9-B130-5731F59E94BB}.Release|Any CPU.Build.0 = Release|Any CPU
		{FC7E02D0-5704-46DA-B7F8-C5F0483B5E4D}.Debug|Any CPU.ActiveCfg = Debug|Any CPU
		{FC7E02D0-5704-46DA-B7F8-C5F0483B5E4D}.Debug|Any CPU.Build.0 = Debug|Any CPU
		{FC7E02D0-5704-46DA-B7F8-C5F0483B5E4D}.Release|Any CPU.ActiveCfg = Release|Any CPU
		{FC7E02D0-5704-46DA-B7F8-C5F0483B5E4D}.Release|Any CPU.Build.0 = Release|Any CPU
		{72249C03-C19D-4EF8-9A7C-6C6081372B46}.Debug|Any CPU.ActiveCfg = Debug|Any CPU
		{72249C03-C19D-4EF8-9A7C-6C6081372B46}.Debug|Any CPU.Build.0 = Debug|Any CPU
		{72249C03-C19D-4EF8-9A7C-6C6081372B46}.Release|Any CPU.ActiveCfg = Release|Any CPU
		{72249C03-C19D-4EF8-9A7C-6C6081372B46}.Release|Any CPU.Build.0 = Release|Any CPU
	EndGlobalSection
	GlobalSection(SolutionProperties) = preSolution
		HideSolutionNode = FALSE
	EndGlobalSection
	GlobalSection(ExtensibilityGlobals) = postSolution
		SolutionGuid = {B6A93826-6656-4556-A64B-955E43B842BE}
	EndGlobalSection
EndGlobal
